
Microsoft Visual Studio Solution File, Format Version 12.00
# Visual Studio 15
VisualStudioVersion = 15.0.26403.7
MinimumVisualStudioVersion = 10.0.40219.1
Project("{FAE04EC0-301F-11D3-BF4B-00C04F79EFBC}") = "Repository", "Repository\Repository.csproj", "{A59CFFDD-B1B9-492B-91D0-87D6602ACE3A}"
EndProject
Project("{FAE04EC0-301F-11D3-BF4B-00C04F79EFBC}") = "Data", "Data\Data.csproj", "{1997521A-F5CE-4FF0-B57C-592CE7E49DE4}"
EndProject
Project("{FAE04EC0-301F-11D3-BF4B-00C04F79EFBC}") = "DTO", "DTO\DTO.csproj", "{5410F175-1C2F-43E1-B821-572423EDC35E}"
EndProject
Project("{FAE04EC0-301F-11D3-BF4B-00C04F79EFBC}") = "Service", "Service\Service.csproj", "{F3140D75-469F-45E3-A70D-CA2ED8D6E72C}"
EndProject
Project("{FAE04EC0-301F-11D3-BF4B-00C04F79EFBC}") = "ISBMvc", "ISBMvc\ISBMvc.csproj", "{6D7A7364-897F-48F2-9404-AA095B1C140D}"
EndProject
Project("{2150E333-8FDC-42A3-9474-1A3956D46DE8}") = "Tests", "Tests", "{51003765-AA41-473D-894F-04506F7A66D0}"
EndProject
Project("{FAE04EC0-301F-11D3-BF4B-00C04F79EFBC}") = "Service.Test", "Service.Test\Service.Test.csproj", "{99C2A1AB-E75D-4978-BD36-A28CD20E9FF5}"
EndProject
Global
	GlobalSection(SolutionConfigurationPlatforms) = preSolution
		Debug|Any CPU = Debug|Any CPU
		Release|Any CPU = Release|Any CPU
	EndGlobalSection
	GlobalSection(ProjectConfigurationPlatforms) = postSolution
		{A59CFFDD-B1B9-492B-91D0-87D6602ACE3A}.Debug|Any CPU.ActiveCfg = Debug|Any CPU
		{A59CFFDD-B1B9-492B-91D0-87D6602ACE3A}.Debug|Any CPU.Build.0 = Debug|Any CPU
		{A59CFFDD-B1B9-492B-91D0-87D6602ACE3A}.Release|Any CPU.ActiveCfg = Release|Any CPU
		{A59CFFDD-B1B9-492B-91D0-87D6602ACE3A}.Release|Any CPU.Build.0 = Release|Any CPU
		{1997521A-F5CE-4FF0-B57C-592CE7E49DE4}.Debug|Any CPU.ActiveCfg = Debug|Any CPU
		{1997521A-F5CE-4FF0-B57C-592CE7E49DE4}.Debug|Any CPU.Build.0 = Debug|Any CPU
		{1997521A-F5CE-4FF0-B57C-592CE7E49DE4}.Release|Any CPU.ActiveCfg = Release|Any CPU
		{1997521A-F5CE-4FF0-B57C-592CE7E49DE4}.Release|Any CPU.Build.0 = Release|Any CPU
		{5410F175-1C2F-43E1-B821-572423EDC35E}.Debug|Any CPU.ActiveCfg = Debug|Any CPU
		{5410F175-1C2F-43E1-B821-572423EDC35E}.Debug|Any CPU.Build.0 = Debug|Any CPU
		{5410F175-1C2F-43E1-B821-572423EDC35E}.Release|Any CPU.ActiveCfg = Release|Any CPU
		{5410F175-1C2F-43E1-B821-572423EDC35E}.Release|Any CPU.Build.0 = Release|Any CPU
		{F3140D75-469F-45E3-A70D-CA2ED8D6E72C}.Debug|Any CPU.ActiveCfg = Debug|Any CPU
		{F3140D75-469F-45E3-A70D-CA2ED8D6E72C}.Debug|Any CPU.Build.0 = Debug|Any CPU
		{F3140D75-469F-45E3-A70D-CA2ED8D6E72C}.Release|Any CPU.ActiveCfg = Release|Any CPU
		{F3140D75-469F-45E3-A70D-CA2ED8D6E72C}.Release|Any CPU.Build.0 = Release|Any CPU
		{6D7A7364-897F-48F2-9404-AA095B1C140D}.Debug|Any CPU.ActiveCfg = Debug|Any CPU
		{6D7A7364-897F-48F2-9404-AA095B1C140D}.Debug|Any CPU.Build.0 = Debug|Any CPU
		{6D7A7364-897F-48F2-9404-AA095B1C140D}.Release|Any CPU.ActiveCfg = Release|Any CPU
		{6D7A7364-897F-48F2-9404-AA095B1C140D}.Release|Any CPU.Build.0 = Release|Any CPU
		{99C2A1AB-E75D-4978-BD36-A28CD20E9FF5}.Debug|Any CPU.ActiveCfg = Debug|Any CPU
		{99C2A1AB-E75D-4978-BD36-A28CD20E9FF5}.Debug|Any CPU.Build.0 = Debug|Any CPU
		{99C2A1AB-E75D-4978-BD36-A28CD20E9FF5}.Release|Any CPU.ActiveCfg = Release|Any CPU
		{99C2A1AB-E75D-4978-BD36-A28CD20E9FF5}.Release|Any CPU.Build.0 = Release|Any CPU
	EndGlobalSection
	GlobalSection(SolutionProperties) = preSolution
		HideSolutionNode = FALSE
	EndGlobalSection
	GlobalSection(NestedProjects) = preSolution
		{99C2A1AB-E75D-4978-BD36-A28CD20E9FF5} = {51003765-AA41-473D-894F-04506F7A66D0}
	EndGlobalSection
	GlobalSection(ExtensibilityGlobals) = postSolution
		SolutionGuid = {5B874626-1630-4287-89D6-8753005499A1}
	EndGlobalSection
EndGlobal
